
Microsoft Visual Studio Solution File, Format Version 12.00
# Visual Studio Version 17
VisualStudioVersion = 17.9.34616.47
MinimumVisualStudioVersion = 10.0.40219.1
Project("{FAE04EC0-301F-11D3-BF4B-00C04F79EFBC}") = "ASP.Net_OnlineShop", "ASP.Net_OnlineShop\ASP.Net_OnlineShop.csproj", "{7E1BC082-094B-443F-81F7-5AB1FEDF2D9F}"
EndProject
Project("{FAE04EC0-301F-11D3-BF4B-00C04F79EFBC}") = "Model", "Model\Model.csproj", "{232D2AF8-EE16-4B4F-8EA0-B7CF558E59DD}"
EndProject
Global
	GlobalSection(SolutionConfigurationPlatforms) = preSolution
		Debug|Any CPU = Debug|Any CPU
		Release|Any CPU = Release|Any CPU
	EndGlobalSection
	GlobalSection(ProjectConfigurationPlatforms) = postSolution
		{7E1BC082-094B-443F-81F7-5AB1FEDF2D9F}.Debug|Any CPU.ActiveCfg = Debug|Any CPU
		{7E1BC082-094B-443F-81F7-5AB1FEDF2D9F}.Debug|Any CPU.Build.0 = Debug|Any CPU
		{7E1BC082-094B-443F-81F7-5AB1FEDF2D9F}.Release|Any CPU.ActiveCfg = Release|Any CPU
		{7E1BC082-094B-443F-81F7-5AB1FEDF2D9F}.Release|Any CPU.Build.0 = Release|Any CPU
		{232D2AF8-EE16-4B4F-8EA0-B7CF558E59DD}.Debug|Any CPU.ActiveCfg = Debug|Any CPU
		{232D2AF8-EE16-4B4F-8EA0-B7CF558E59DD}.Debug|Any CPU.Build.0 = Debug|Any CPU
		{232D2AF8-EE16-4B4F-8EA0-B7CF558E59DD}.Release|Any CPU.ActiveCfg = Release|Any CPU
		{232D2AF8-EE16-4B4F-8EA0-B7CF558E59DD}.Release|Any CPU.Build.0 = Release|Any CPU
	EndGlobalSection
	GlobalSection(SolutionProperties) = preSolution
		HideSolutionNode = FALSE
	EndGlobalSection
	GlobalSection(ExtensibilityGlobals) = postSolution
		SolutionGuid = {5B6CE595-A543-4848-ADFB-3D55888442F3}
	EndGlobalSection
EndGlobal
